Microsoft Visual Studio Solution File, Format Version 11.00
# Visual Studio 2008

Project("{396695FA-ED83-5177-2174-45AB59955D8D}") = "Radial Cooking Combat III Redemption", "Assembly-CSharp.csproj", "{83148D1D-C49C-9FC7-84DB-960DCD8C3ABE}"
EndProject
Global
	GlobalSection(SolutionConfigurationPlatforms) = preSolution
		Debug|Any CPU = Debug|Any CPU
		Release|Any CPU = Release|Any CPU
	EndGlobalSection
	GlobalSection(ProjectConfigurationPlatforms) = postSolution
		{83148D1D-C49C-9FC7-84DB-960DCD8C3ABE}.Debug|Any CPU.ActiveCfg = Debug|Any CPU
		{83148D1D-C49C-9FC7-84DB-960DCD8C3ABE}.Debug|Any CPU.Build.0 = Debug|Any CPU
		{83148D1D-C49C-9FC7-84DB-960DCD8C3ABE}.Release|Any CPU.ActiveCfg = Release|Any CPU
		{83148D1D-C49C-9FC7-84DB-960DCD8C3ABE}.Release|Any CPU.Build.0 = Release|Any CPU
	EndGlobalSection
	GlobalSection(SolutionProperties) = preSolution
		HideSolutionNode = FALSE
	EndGlobalSection
	GlobalSection(MonoDevelopProperties) = preSolution
		StartupItem = Assembly-CSharp.csproj
	EndGlobalSection
EndGlobal
